// !$*UTF8*$!
{
	archiveVersion = 1;
	classes = {
	};
	objectVersion = 56;
	objects = {

/* Begin PBXBuildFile section */
		5470EE942A4D8F2300277E94 /* AppDelegate.swift in Sources */ = {isa = PBXBuildFile; fileRef = 5470EE932A4D8F2300277E94 /* AppDelegate.swift */; };
		5470EEAA2A4D8FC400277E94 /* FinderSync.swift in Sources */ = {isa = PBXBuildFile; fileRef = 5470EEA92A4D8FC400277E94 /* FinderSync.swift */; };
		5470EEAF2A4D8FC400277E94 /* CustomFinderSidebarIconSync.appex in Embed Foundation Extensions */ = {isa = PBXBuildFile; fileRef = 5470EEA72A4D8FC400277E94 /* CustomFinderSidebarIconSync.appex */; settings = {ATTRIBUTES = (RemoveHeadersOnCopy, ); }; };
		5470EEB52A4D8FD700277E94 /* URLs in Resources */ = {isa = PBXBuildFile; fileRef = 5470EEB42A4D8FD700277E94 /* URLs */; };
		54B0D0E52A4DCBE2002976E6 /* Media.xcassets in Resources */ = {isa = PBXBuildFile; fileRef = 54B0D0E42A4DCBE2002976E6 /* Media.xcassets */; };
		54B0D0E62A4DCC1E002976E6 /* Media.xcassets in Resources */ = {isa = PBXBuildFile; fileRef = 54B0D0E42A4DCBE2002976E6 /* Media.xcassets */; };
/* End PBXBuildFile section */

/* Begin PBXContainerItemProxy section */
		5470EEAD2A4D8FC400277E94 /* PBXContainerItemProxy */ = {
			isa = PBXContainerItemProxy;
			containerPortal = 5470EE882A4D8F2300277E94 /* Project object */;
			proxyType = 1;
			remoteGlobalIDString = 5470EEA62A4D8FC400277E94;
			remoteInfo = CustomFinderSidebarIconSync;
		};
/* End PBXContainerItemProxy section */

/* Begin PBXCopyFilesBuildPhase section */
		5470EEB32A4D8FC400277E94 /* Embed Foundation Extensions */ = {
			isa = PBXCopyFilesBuildPhase;
			buildActionMask = 2147483647;
			dstPath = "";
			dstSubfolderSpec = 13;
			files = (
				5470EEAF2A4D8FC400277E94 /* CustomFinderSidebarIconSync.appex in Embed Foundation Extensions */,
			);
			name = "Embed Foundation Extensions";
			runOnlyForDeploymentPostprocessing = 0;
		};
/* End PBXCopyFilesBuildPhase section */

/* Begin PBXFileReference section */
		5470EE902A4D8F2300277E94 /* CustomFinderSidebarIcons.app */ = {isa = PBXFileReference; explicitFileType = wrapper.application; includeInIndex = 0; path = CustomFinderSidebarIcons.app; sourceTree = BUILT_PRODUCTS_DIR; };
		5470EE932A4D8F2300277E94 /* AppDelegate.swift */ = {isa = PBXFileReference; lastKnownFileType = sourcecode.swift; path = AppDelegate.swift; sourceTree = "<group>"; };
		5470EE9C2A4D8F2300277E94 /* CustomFinderSidebarIcons.entitlements */ = {isa = PBXFileReference; lastKnownFileType = text.plist.entitlements; path = CustomFinderSidebarIcons.entitlements; sourceTree = "<group>"; };
		5470EEA22A4D8F7C00277E94 /* Info.plist */ = {isa = PBXFileReference; lastKnownFileType = text.plist; path = Info.plist; sourceTree = "<group>"; };
		5470EEA72A4D8FC400277E94 /* CustomFinderSidebarIconSync.appex */ = {isa = PBXFileReference; explicitFileType = "wrapper.app-extension"; includeInIndex = 0; path = CustomFinderSidebarIconSync.appex; sourceTree = BUILT_PRODUCTS_DIR; };
		5470EEA92A4D8FC400277E94 /* FinderSync.swift */ = {isa = PBXFileReference; lastKnownFileType = sourcecode.swift; path = FinderSync.swift; sourceTree = "<group>"; };
		5470EEAB2A4D8FC400277E94 /* Info.plist */ = {isa = PBXFileReference; lastKnownFileType = text.plist.xml; path = Info.plist; sourceTree = "<group>"; };
		5470EEAC2A4D8FC400277E94 /* CustomFinderSidebarIconSync.entitlements */ = {isa = PBXFileReference; lastKnownFileType = text.plist.entitlements; path = CustomFinderSidebarIconSync.entitlements; sourceTree = "<group>"; };
		5470EEB42A4D8FD700277E94 /* URLs */ = {isa = PBXFileReference; lastKnownFileType = text; path = URLs; sourceTree = "<group>"; };
		54B0D0E42A4DCBE2002976E6 /* Media.xcassets */ = {isa = PBXFileReference; lastKnownFileType = folder.assetcatalog; path = Media.xcassets; sourceTree = "<group>"; };
/* End PBXFileReference section */

/* Begin PBXFrameworksBuildPhase section */
		5470EE8D2A4D8F2300277E94 /* Frameworks */ = {
			isa = PBXFrameworksBuildPhase;
			buildActionMask = 2147483647;
			files = (
			);
			runOnlyForDeploymentPostprocessing = 0;
		};
		5470EEA42A4D8FC400277E94 /* Frameworks */ = {
			isa = PBXFrameworksBuildPhase;
			buildActionMask = 2147483647;
			files = (
			);
			runOnlyForDeploymentPostprocessing = 0;
		};
/* End PBXFrameworksBuildPhase section */

/* Begin PBXGroup section */
		5470EE872A4D8F2300277E94 = {
			isa = PBXGroup;
			children = (
				5470EE922A4D8F2300277E94 /* CustomFinderSidebarIcons */,
				5470EEA82A4D8FC400277E94 /* CustomFinderSidebarIconSync */,
				5470EE912A4D8F2300277E94 /* Products */,
			);
			sourceTree = "<group>";
		};
		5470EE912A4D8F2300277E94 /* Products */ = {
			isa = PBXGroup;
			children = (
				5470EE902A4D8F2300277E94 /* CustomFinderSidebarIcons.app */,
				5470EEA72A4D8FC400277E94 /* CustomFinderSidebarIconSync.appex */,
			);
			name = Products;
			sourceTree = "<group>";
		};
		5470EE922A4D8F2300277E94 /* CustomFinderSidebarIcons */ = {
			isa = PBXGroup;
			children = (
				5470EEA22A4D8F7C00277E94 /* Info.plist */,
				5470EE932A4D8F2300277E94 /* AppDelegate.swift */,
				5470EE9C2A4D8F2300277E94 /* CustomFinderSidebarIcons.entitlements */,
			);
			path = CustomFinderSidebarIcons;
			sourceTree = "<group>";
		};
		5470EEA82A4D8FC400277E94 /* CustomFinderSidebarIconSync */ = {
			isa = PBXGroup;
			children = (
				54B0D0E42A4DCBE2002976E6 /* Media.xcassets */,
				5470EEA92A4D8FC400277E94 /* FinderSync.swift */,
				5470EEAB2A4D8FC400277E94 /* Info.plist */,
				5470EEAC2A4D8FC400277E94 /* CustomFinderSidebarIconSync.entitlements */,
				5470EEB42A4D8FD700277E94 /* URLs */,
			);
			path = CustomFinderSidebarIconSync;
			sourceTree = "<group>";
		};
/* End PBXGroup section */

/* Begin PBXNativeTarget section */
		5470EE8F2A4D8F2300277E94 /* CustomFinderSidebarIcons */ = {
			isa = PBXNativeTarget;
			buildConfigurationList = 5470EE9F2A4D8F2300277E94 /* Build configuration list for PBXNativeTarget "CustomFinderSidebarIcons" */;
			buildPhases = (
				5470EE8C2A4D8F2300277E94 /* Sources */,
				5470EE8D2A4D8F2300277E94 /* Frameworks */,
				5470EE8E2A4D8F2300277E94 /* Resources */,
				5470EEB32A4D8FC400277E94 /* Embed Foundation Extensions */,
			);
			buildRules = (
			);
			dependencies = (
				5470EEAE2A4D8FC400277E94 /* PBXTargetDependency */,
			);
			name = CustomFinderSidebarIcons;
			productName = CustomFinderSidebarIcons;
			productReference = 5470EE902A4D8F2300277E94 /* CustomFinderSidebarIcons.app */;
			productType = "com.apple.product-type.application";
		};
		5470EEA62A4D8FC400277E94 /* CustomFinderSidebarIconSync */ = {
			isa = PBXNativeTarget;
			buildConfigurationList = 5470EEB02A4D8FC400277E94 /* Build configuration list for PBXNativeTarget "CustomFinderSidebarIconSync" */;
			buildPhases = (
				5470EEA32A4D8FC400277E94 /* Sources */,
				5470EEA42A4D8FC400277E94 /* Frameworks */,
				5470EEA52A4D8FC400277E94 /* Resources */,
			);
			buildRules = (
			);
			dependencies = (
			);
			name = CustomFinderSidebarIconSync;
			productName = CustomFinderSidebarIconSync;
			productReference = 5470EEA72A4D8FC400277E94 /* CustomFinderSidebarIconSync.appex */;
			productType = "com.apple.product-type.app-extension";
		};
/* End PBXNativeTarget section */

/* Begin PBXProject section */
		5470EE882A4D8F2300277E94 /* Project object */ = {
			isa = PBXProject;
			attributes = {
				BuildIndependentTargetsInParallel = 1;
				LastSwiftUpdateCheck = 1430;
				LastUpgradeCheck = 1430;
				TargetAttributes = {
					5470EE8F2A4D8F2300277E94 = {
						CreatedOnToolsVersion = 14.3.1;
					};
					5470EEA62A4D8FC400277E94 = {
						CreatedOnToolsVersion = 14.3.1;
					};
				};
			};
			buildConfigurationList = 5470EE8B2A4D8F2300277E94 /* Build configuration list for PBXProject "CustomFinderSidebarIcons" */;
			compatibilityVersion = "Xcode 14.0";
			developmentRegion = en;
			hasScannedForEncodings = 0;
			knownRegions = (
				en,
				Base,
			);
			mainGroup = 5470EE872A4D8F2300277E94;
			productRefGroup = 5470EE912A4D8F2300277E94 /* Products */;
			projectDirPath = "";
			projectRoot = "";
			targets = (
				5470EE8F2A4D8F2300277E94 /* CustomFinderSidebarIcons */,
				5470EEA62A4D8FC400277E94 /* CustomFinderSidebarIconSync */,
			);
		};
/* End PBXProject section */

/* Begin PBXResourcesBuildPhase section */
		5470EE8E2A4D8F2300277E94 /* Resources */ = {
			isa = PBXResourcesBuildPhase;
			buildActionMask = 2147483647;
			files = (
				54B0D0E52A4DCBE2002976E6 /* Media.xcassets in Resources */,
			);
			runOnlyForDeploymentPostprocessing = 0;
		};
		5470EEA52A4D8FC400277E94 /* Resources */ = {
			isa = PBXResourcesBuildPhase;
			buildActionMask = 2147483647;
			files = (
				54B0D0E62A4DCC1E002976E6 /* Media.xcassets in Resources */,
				5470EEB52A4D8FD700277E94 /* URLs in Resources */,
			);
			runOnlyForDeploymentPostprocessing = 0;
		};
/* End PBXResourcesBuildPhase section */

/* Begin PBXSourcesBuildPhase section */
		5470EE8C2A4D8F2300277E94 /* Sources */ = {
			isa = PBXSourcesBuildPhase;
			buildActionMask = 2147483647;
			files = (
				5470EE942A4D8F2300277E94 /* AppDelegate.swift in Sources */,
			);
			runOnlyForDeploymentPostprocessing = 0;
		};
		5470EEA32A4D8FC400277E94 /* Sources */ = {
			isa = PBXSourcesBuildPhase;
			buildActionMask = 2147483647;
			files = (
				5470EEAA2A4D8FC400277E94 /* FinderSync.swift in Sources */,
			);
			runOnlyForDeploymentPostprocessing = 0;
		};
/* End PBXSourcesBuildPhase section */

/* Begin PBXTargetDependency section */
		5470EEAE2A4D8FC400277E94 /* PBXTargetDependency */ = {
			isa = PBXTargetDependency;
			target = 5470EEA62A4D8FC400277E94 /* CustomFinderSidebarIconSync */;
			targetProxy = 5470EEAD2A4D8FC400277E94 /* PBXContainerItemProxy */;
		};
/* End PBXTargetDependency section */

/* Begin XCBuildConfiguration section */
		5470EE9D2A4D8F2300277E94 /* Debug */ = {
			isa = XCBuildConfiguration;
			buildSettings = {
				ALWAYS_SEARCH_USER_PATHS = NO;
				CLANG_ANALYZER_NONNULL = YES;
				CLANG_ANALYZER_NUMBER_OBJECT_CONVERSION = YES_AGGRESSIVE;
				CLANG_CXX_LANGUAGE_STANDARD = "gnu++20";
				CLANG_ENABLE_MODULES = YES;
				CLANG_ENABLE_OBJC_ARC = YES;
				CLANG_ENABLE_OBJC_WEAK = YES;
				CLANG_WARN_BLOCK_CAPTURE_AUTORELEASING = YES;
				CLANG_WARN_BOOL_CONVERSION = YES;
				CLANG_WARN_COMMA = YES;
				CLANG_WARN_CONSTANT_CONVERSION = YES;
				CLANG_WARN_DEPRECATED_OBJC_IMPLEMENTATIONS = YES;
				CLANG_WARN_DIRECT_OBJC_ISA_USAGE = YES_ERROR;
				CLANG_WARN_DOCUMENTATION_COMMENTS = YES;
				CLANG_WARN_EMPTY_BODY = YES;
				CLANG_WARN_ENUM_CONVERSION = YES;
				CLANG_WARN_INFINITE_RECURSION = YES;
				CLANG_WARN_INT_CONVERSION = YES;
				CLANG_WARN_NON_LITERAL_NULL_CONVERSION = YES;
				CLANG_WARN_OBJC_IMPLICIT_RETAIN_SELF = YES;
				CLANG_WARN_OBJC_LITERAL_CONVERSION = YES;
				CLANG_WARN_OBJC_ROOT_CLASS = YES_ERROR;
				CLANG_WARN_QUOTED_INCLUDE_IN_FRAMEWORK_HEADER = YES;
				CLANG_WARN_RANGE_LOOP_ANALYSIS = YES;
				CLANG_WARN_STRICT_PROTOTYPES = YES;
				CLANG_WARN_SUSPICIOUS_MOVE = YES;
				CLANG_WARN_UNGUARDED_AVAILABILITY = YES_AGGRESSIVE;
				CLANG_WARN_UNREACHABLE_CODE = YES;
				CLANG_WARN__DUPLICATE_METHOD_MATCH = YES;
				COPY_PHASE_STRIP = NO;
				DEBUG_INFORMATION_FORMAT = dwarf;
				ENABLE_STRICT_OBJC_MSGSEND = YES;
				ENABLE_TESTABILITY = YES;
				GCC_C_LANGUAGE_STANDARD = gnu11;
				GCC_DYNAMIC_NO_PIC = NO;
				GCC_NO_COMMON_BLOCKS = YES;
				GCC_OPTIMIZATION_LEVEL = 0;
				GCC_PREPROCESSOR_DEFINITIONS = (
					"DEBUG=1",
					"$(inherited)",
				);
				GCC_WARN_64_TO_32_BIT_CONVERSION = YES;
				GCC_WARN_ABOUT_RETURN_TYPE = YES_ERROR;
				GCC_WARN_UNDECLARED_SELECTOR = YES;
				GCC_WARN_UNINITIALIZED_AUTOS = YES_AGGRESSIVE;
				GCC_WARN_UNUSED_FUNCTION = YES;
				GCC_WARN_UNUSED_VARIABLE = YES;
				MACOSX_DEPLOYMENT_TARGET = 13.3;
				MTL_ENABLE_DEBUG_INFO = INCLUDE_SOURCE;
				MTL_FAST_MATH = YES;
				ONLY_ACTIVE_ARCH = YES;
				SDKROOT = macosx;
				SWIFT_ACTIVE_COMPILATION_CONDITIONS = DEBUG;
				SWIFT_OPTIMIZATION_LEVEL = "-Onone";
			};
			name = Debug;
		};
		5470EE9E2A4D8F2300277E94 /* Release */ = {
			isa = XCBuildConfiguration;
			buildSettings = {
				ALWAYS_SEARCH_USER_PATHS = NO;
				CLANG_ANALYZER_NONNULL = YES;
				CLANG_ANALYZER_NUMBER_OBJECT_CONVERSION = YES_AGGRESSIVE;
				CLANG_CXX_LANGUAGE_STANDARD = "gnu++20";
				CLANG_ENABLE_MODULES = YES;
				CLANG_ENABLE_OBJC_ARC = YES;
				CLANG_ENABLE_OBJC_WEAK = YES;
				CLANG_WARN_BLOCK_CAPTURE_AUTORELEASING = YES;
				CLANG_WARN_BOOL_CONVERSION = YES;
				CLANG_WARN_COMMA = YES;
				CLANG_WARN_CONSTANT_CONVERSION = YES;
				CLANG_WARN_DEPRECATED_OBJC_IMPLEMENTATIONS = YES;
				CLANG_WARN_DIRECT_OBJC_ISA_USAGE = YES_ERROR;
				CLANG_WARN_DOCUMENTATION_COMMENTS = YES;
				CLANG_WARN_EMPTY_BODY = YES;
				CLANG_WARN_ENUM_CONVERSION = YES;
				CLANG_WARN_INFINITE_RECURSION = YES;
				CLANG_WARN_INT_CONVERSION = YES;
				CLANG_WARN_NON_LITERAL_NULL_CONVERSION = YES;
				CLANG_WARN_OBJC_IMPLICIT_RETAIN_SELF = YES;
				CLANG_WARN_OBJC_LITERAL_CONVERSION = YES;
				CLANG_WARN_OBJC_ROOT_CLASS = YES_ERROR;
				CLANG_WARN_QUOTED_INCLUDE_IN_FRAMEWORK_HEADER = YES;
				CLANG_WARN_RANGE_LOOP_ANALYSIS = YES;
				CLANG_WARN_STRICT_PROTOTYPES = YES;
				CLANG_WARN_SUSPICIOUS_MOVE = YES;
				CLANG_WARN_UNGUARDED_AVAILABILITY = YES_AGGRESSIVE;
				CLANG_WARN_UNREACHABLE_CODE = YES;
				CLANG_WARN__DUPLICATE_METHOD_MATCH = YES;
				COPY_PHASE_STRIP = NO;
				DEBUG_INFORMATION_FORMAT = "dwarf-with-dsym";
				ENABLE_NS_ASSERTIONS = NO;
				ENABLE_STRICT_OBJC_MSGSEND = YES;
				GCC_C_LANGUAGE_STANDARD = gnu11;
				GCC_NO_COMMON_BLOCKS = YES;
				GCC_WARN_64_TO_32_BIT_CONVERSION = YES;
				GCC_WARN_ABOUT_RETURN_TYPE = YES_ERROR;
				GCC_WARN_UNDECLARED_SELECTOR = YES;
				GCC_WARN_UNINITIALIZED_AUTOS = YES_AGGRESSIVE;
				GCC_WARN_UNUSED_FUNCTION = YES;
				GCC_WARN_UNUSED_VARIABLE = YES;
				MACOSX_DEPLOYMENT_TARGET = 13.3;
				MTL_ENABLE_DEBUG_INFO = NO;
				MTL_FAST_MATH = YES;
				SDKROOT = macosx;
				SWIFT_COMPILATION_MODE = wholemodule;
				SWIFT_OPTIMIZATION_LEVEL = "-O";
			};
			name = Release;
		};
		5470EEA02A4D8F2300277E94 /* Debug */ = {
			isa = XCBuildConfiguration;
			buildSettings = {
				ALWAYS_EMBED_SWIFT_STANDARD_LIBRARIES = YES;
				ASSETCATALOG_COMPILER_APPICON_NAME = AppIcon;
				ASSETCATALOG_COMPILER_GLOBAL_ACCENT_COLOR_NAME = AccentColor;
				CODE_SIGN_ENTITLEMENTS = CustomFinderSidebarIcons/CustomFinderSidebarIcons.entitlements;
				CODE_SIGN_STYLE = Automatic;
				COMBINE_HIDPI_IMAGES = YES;
				CURRENT_PROJECT_VERSION = 1;
				GENERATE_INFOPLIST_FILE = YES;
				INFOPLIST_FILE = CustomFinderSidebarIcons/Info.plist;
				INFOPLIST_KEY_NSHumanReadableCopyright = "";
				INFOPLIST_KEY_NSMainStoryboardFile = Main;
				INFOPLIST_KEY_NSPrincipalClass = NSApplication;
				LD_RUNPATH_SEARCH_PATHS = (
					"$(inherited)",
					"@executable_path/../Frameworks",
				);
				MARKETING_VERSION = 1.0;
				PRODUCT_BUNDLE_IDENTIFIER = com.rknightuk.customfindersidebaricons.CustomFinderSidebarIcons;
				PRODUCT_NAME = "$(TARGET_NAME)";
				SWIFT_EMIT_LOC_STRINGS = YES;
				SWIFT_VERSION = 5.0;
			};
			name = Debug;
		};
		5470EEA12A4D8F2300277E94 /* Release */ = {
			isa = XCBuildConfiguration;
			buildSettings = {
				ALWAYS_EMBED_SWIFT_STANDARD_LIBRARIES = YES;
				ASSETCATALOG_COMPILER_APPICON_NAME = AppIcon;
				ASSETCATALOG_COMPILER_GLOBAL_ACCENT_COLOR_NAME = AccentColor;
				CODE_SIGN_ENTITLEMENTS = CustomFinderSidebarIcons/CustomFinderSidebarIcons.entitlements;
				CODE_SIGN_STYLE = Automatic;
				COMBINE_HIDPI_IMAGES = YES;
				CURRENT_PROJECT_VERSION = 1;
				GENERATE_INFOPLIST_FILE = YES;
				INFOPLIST_FILE = CustomFinderSidebarIcons/Info.plist;
				INFOPLIST_KEY_NSHumanReadableCopyright = "";
				INFOPLIST_KEY_NSMainStoryboardFile = Main;
				INFOPLIST_KEY_NSPrincipalClass = NSApplication;
				LD_RUNPATH_SEARCH_PATHS = (
					"$(inherited)",
					"@executable_path/../Frameworks",
				);
				MARKETING_VERSION = 1.0;
				PRODUCT_BUNDLE_IDENTIFIER = com.rknightuk.customfindersidebaricons.CustomFinderSidebarIcons;
				PRODUCT_NAME = "$(TARGET_NAME)";
				SWIFT_EMIT_LOC_STRINGS = YES;
				SWIFT_VERSION = 5.0;
			};
			name = Release;
		};
		5470EEB12A4D8FC400277E94 /* Debug */ = {
			isa = XCBuildConfiguration;
			buildSettings = {
				CODE_SIGN_ENTITLEMENTS = CustomFinderSidebarIconSync/CustomFinderSidebarIconSync.entitlements;
				CODE_SIGN_STYLE = Automatic;
				COMBINE_HIDPI_IMAGES = YES;
				CURRENT_PROJECT_VERSION = 1;
				GENERATE_INFOPLIST_FILE = YES;
				INFOPLIST_FILE = CustomFinderSidebarIconSync/Info.plist;
				INFOPLIST_KEY_CFBundleDisplayName = CustomFinderSidebarIconSync;
				INFOPLIST_KEY_NSHumanReadableCopyright = "";
				LD_RUNPATH_SEARCH_PATHS = (
					"$(inherited)",
					"@executable_path/../Frameworks",
					"@executable_path/../../../../Frameworks",
				);
				MARKETING_VERSION = 1.0;
				PRODUCT_BUNDLE_IDENTIFIER = com.rknightuk.customfindersidebaricons.CustomFinderSidebarIcons.CustomFinderSidebarIconSync;
				PRODUCT_NAME = "$(TARGET_NAME)";
				SKIP_INSTALL = YES;
				SWIFT_EMIT_LOC_STRINGS = YES;
				SWIFT_VERSION = 5.0;
			};
			name = Debug;
		};
		5470EEB22A4D8FC400277E94 /* Release */ = {
			isa = XCBuildConfiguration;
			buildSettings = {
				CODE_SIGN_ENTITLEMENTS = CustomFinderSidebarIconSync/CustomFinderSidebarIconSync.entitlements;
				CODE_SIGN_STYLE = Automatic;
				COMBINE_HIDPI_IMAGES = YES;
				CURRENT_PROJECT_VERSION = 1;
				GENERATE_INFOPLIST_FILE = YES;
				INFOPLIST_FILE = CustomFinderSidebarIconSync/Info.plist;
				INFOPLIST_KEY_CFBundleDisplayName = CustomFinderSidebarIconSync;
				INFOPLIST_KEY_NSHumanReadableCopyright = "";
				LD_RUNPATH_SEARCH_PATHS = (
					"$(inherited)",
					"@executable_path/../Frameworks",
					"@executable_path/../../../../Frameworks",
				);
				MARKETING_VERSION = 1.0;
				PRODUCT_BUNDLE_IDENTIFIER = com.rknightuk.customfindersidebaricons.CustomFinderSidebarIcons.CustomFinderSidebarIconSync;
				PRODUCT_NAME = "$(TARGET_NAME)";
				SKIP_INSTALL = YES;
				SWIFT_EMIT_LOC_STRINGS = YES;
				SWIFT_VERSION = 5.0;
			};
			name = Release;
		};
/* End XCBuildConfiguration section */

/* Begin XCConfigurationList section */
		5470EE8B2A4D8F2300277E94 /* Build configuration list for PBXProject "CustomFinderSidebarIcons" */ = {
			isa = XCConfigurationList;
			buildConfigurations = (
				5470EE9D2A4D8F2300277E94 /* Debug */,
				5470EE9E2A4D8F2300277E94 /* Release */,
			);
			defaultConfigurationIsVisible = 0;
			defaultConfigurationName = Release;
		};
		5470EE9F2A4D8F2300277E94 /* Build configuration list for PBXNativeTarget "CustomFinderSidebarIcons" */ = {
			isa = XCConfigurationList;
			buildConfigurations = (
				5470EEA02A4D8F2300277E94 /* Debug */,
				5470EEA12A4D8F2300277E94 /* Release */,
			);
			defaultConfigurationIsVisible = 0;
			defaultConfigurationName = Release;
		};
		5470EEB02A4D8FC400277E94 /* Build configuration list for PBXNativeTarget "CustomFinderSidebarIconSync" */ = {
			isa = XCConfigurationList;
			buildConfigurations = (
				5470EEB12A4D8FC400277E94 /* Debug */,
				5470EEB22A4D8FC400277E94 /* Release */,
			);
			defaultConfigurationIsVisible = 0;
			defaultConfigurationName = Release;
		};
/* End XCConfigurationList section */
	};
	rootObject = 5470EE882A4D8F2300277E94 /* Project object */;
}
